
Microsoft Visual Studio Solution File, Format Version 12.00
# Visual Studio Version 17
VisualStudioVersion = 17.0.31903.59
MinimumVisualStudioVersion = 10.0.40219.1
Project("{2150E333-8FDC-42A3-9474-1A3956D46DE8}") = "src", "src", "{827E0CD3-B72D-47B6-A68D-7590B98EB39B}"
EndProject
Project("{FAE04EC0-301F-11D3-BF4B-00C04F79EFBC}") = "TransactionJournal", "src\TransactionJournal\TransactionJournal.csproj", "{B12A32EB-5FFB-4ED7-B2F9-383F0CEC39A0}"
EndProject
Project("{2150E333-8FDC-42A3-9474-1A3956D46DE8}") = "tests", "tests", "{0AB3BF05-4346-4AA6-1389-037BE0695223}"
EndProject
Project("{FAE04EC0-301F-11D3-BF4B-00C04F79EFBC}") = "TransactionJournal.Tests", "tests\TransactionJournal.Tests\TransactionJournal.Tests.csproj", "{BE630A2B-4FE9-4F8B-8938-C18C0C03ADE9}"
EndProject
Project("{FAE04EC0-301F-11D3-BF4B-00C04F79EFBC}") = "TransactionJournal.Domain", "src\TransactionJournal.Domain\TransactionJournal.Domain.csproj", "{E454EA8B-D8B3-4E70-BEA0-67EBEA22B26C}"
EndProject
Project("{FAE04EC0-301F-11D3-BF4B-00C04F79EFBC}") = "TransactionJournal.Infrastructure", "src\TransactionJournal.Infrastructure\TransactionJournal.Infrastructure.csproj", "{FECC4DFE-2F51-424C-B8AC-931F24C240D5}"
EndProject
Project("{FAE04EC0-301F-11D3-BF4B-00C04F79EFBC}") = "TransactionJournal.Application", "src\TransactionJournal.Application\TransactionJournal.Application.csproj", "{51D560F4-385E-42C1-AF22-0FA12311C51D}"
EndProject
Project("{FAE04EC0-301F-11D3-BF4B-00C04F79EFBC}") = "TransactionJournal.Hints", "src\TransactionJournal.Hints\TransactionJournal.Hints.csproj", "{AF92D52D-5577-48B6-B699-97277D35C958}"
EndProject
Project("{FAE04EC0-301F-11D3-BF4B-00C04F79EFBC}") = "TransactionJournal.Chats", "src\TransactionJournal.Chats\TransactionJournal.Chats.csproj", "{E0F9120A-7794-428B-8969-0B6C134551A0}"
EndProject
Global
	GlobalSection(SolutionConfigurationPlatforms) = preSolution
		Debug|Any CPU = Debug|Any CPU
		Debug|x64 = Debug|x64
		Debug|x86 = Debug|x86
		Release|Any CPU = Release|Any CPU
		Release|x64 = Release|x64
		Release|x86 = Release|x86
	EndGlobalSection
	GlobalSection(ProjectConfigurationPlatforms) = postSolution
		{B12A32EB-5FFB-4ED7-B2F9-383F0CEC39A0}.Debug|Any CPU.ActiveCfg = Debug|Any CPU
		{B12A32EB-5FFB-4ED7-B2F9-383F0CEC39A0}.Debug|Any CPU.Build.0 = Debug|Any CPU
		{B12A32EB-5FFB-4ED7-B2F9-383F0CEC39A0}.Debug|x64.ActiveCfg = Debug|Any CPU
		{B12A32EB-5FFB-4ED7-B2F9-383F0CEC39A0}.Debug|x64.Build.0 = Debug|Any CPU
		{B12A32EB-5FFB-4ED7-B2F9-383F0CEC39A0}.Debug|x86.ActiveCfg = Debug|Any CPU
		{B12A32EB-5FFB-4ED7-B2F9-383F0CEC39A0}.Debug|x86.Build.0 = Debug|Any CPU
		{B12A32EB-5FFB-4ED7-B2F9-383F0CEC39A0}.Release|Any CPU.ActiveCfg = Release|Any CPU
		{B12A32EB-5FFB-4ED7-B2F9-383F0CEC39A0}.Release|Any CPU.Build.0 = Release|Any CPU
		{B12A32EB-5FFB-4ED7-B2F9-383F0CEC39A0}.Release|x64.ActiveCfg = Release|Any CPU
		{B12A32EB-5FFB-4ED7-B2F9-383F0CEC39A0}.Release|x64.Build.0 = Release|Any CPU
		{B12A32EB-5FFB-4ED7-B2F9-383F0CEC39A0}.Release|x86.ActiveCfg = Release|Any CPU
		{B12A32EB-5FFB-4ED7-B2F9-383F0CEC39A0}.Release|x86.Build.0 = Release|Any CPU
		{BE630A2B-4FE9-4F8B-8938-C18C0C03ADE9}.Debug|Any CPU.ActiveCfg = Debug|Any CPU
		{BE630A2B-4FE9-4F8B-8938-C18C0C03ADE9}.Debug|Any CPU.Build.0 = Debug|Any CPU
		{BE630A2B-4FE9-4F8B-8938-C18C0C03ADE9}.Debug|x64.ActiveCfg = Debug|Any CPU
		{BE630A2B-4FE9-4F8B-8938-C18C0C03ADE9}.Debug|x64.Build.0 = Debug|Any CPU
		{BE630A2B-4FE9-4F8B-8938-C18C0C03ADE9}.Debug|x86.ActiveCfg = Debug|Any CPU
		{BE630A2B-4FE9-4F8B-8938-C18C0C03ADE9}.Debug|x86.Build.0 = Debug|Any CPU
		{BE630A2B-4FE9-4F8B-8938-C18C0C03ADE9}.Release|Any CPU.ActiveCfg = Release|Any CPU
		{BE630A2B-4FE9-4F8B-8938-C18C0C03ADE9}.Release|Any CPU.Build.0 = Release|Any CPU
		{BE630A2B-4FE9-4F8B-8938-C18C0C03ADE9}.Release|x64.ActiveCfg = Release|Any CPU
		{BE630A2B-4FE9-4F8B-8938-C18C0C03ADE9}.Release|x64.Build.0 = Release|Any CPU
		{BE630A2B-4FE9-4F8B-8938-C18C0C03ADE9}.Release|x86.ActiveCfg = Release|Any CPU
		{BE630A2B-4FE9-4F8B-8938-C18C0C03ADE9}.Release|x86.Build.0 = Release|Any CPU
		{E454EA8B-D8B3-4E70-BEA0-67EBEA22B26C}.Debug|Any CPU.ActiveCfg = Debug|Any CPU
		{E454EA8B-D8B3-4E70-BEA0-67EBEA22B26C}.Debug|Any CPU.Build.0 = Debug|Any CPU
		{E454EA8B-D8B3-4E70-BEA0-67EBEA22B26C}.Debug|x64.ActiveCfg = Debug|Any CPU
		{E454EA8B-D8B3-4E70-BEA0-67EBEA22B26C}.Debug|x64.Build.0 = Debug|Any CPU
		{E454EA8B-D8B3-4E70-BEA0-67EBEA22B26C}.Debug|x86.ActiveCfg = Debug|Any CPU
		{E454EA8B-D8B3-4E70-BEA0-67EBEA22B26C}.Debug|x86.Build.0 = Debug|Any CPU
		{E454EA8B-D8B3-4E70-BEA0-67EBEA22B26C}.Release|Any CPU.ActiveCfg = Release|Any CPU
		{E454EA8B-D8B3-4E70-BEA0-67EBEA22B26C}.Release|Any CPU.Build.0 = Release|Any CPU
		{E454EA8B-D8B3-4E70-BEA0-67EBEA22B26C}.Release|x64.ActiveCfg = Release|Any CPU
		{E454EA8B-D8B3-4E70-BEA0-67EBEA22B26C}.Release|x64.Build.0 = Release|Any CPU
		{E454EA8B-D8B3-4E70-BEA0-67EBEA22B26C}.Release|x86.ActiveCfg = Release|Any CPU
		{E454EA8B-D8B3-4E70-BEA0-67EBEA22B26C}.Release|x86.Build.0 = Release|Any CPU
		{FECC4DFE-2F51-424C-B8AC-931F24C240D5}.Debug|Any CPU.ActiveCfg = Debug|Any CPU
		{FECC4DFE-2F51-424C-B8AC-931F24C240D5}.Debug|Any CPU.Build.0 = Debug|Any CPU
		{FECC4DFE-2F51-424C-B8AC-931F24C240D5}.Debug|x64.ActiveCfg = Debug|Any CPU
		{FECC4DFE-2F51-424C-B8AC-931F24C240D5}.Debug|x64.Build.0 = Debug|Any CPU
		{FECC4DFE-2F51-424C-B8AC-931F24C240D5}.Debug|x86.ActiveCfg = Debug|Any CPU
		{FECC4DFE-2F51-424C-B8AC-931F24C240D5}.Debug|x86.Build.0 = Debug|Any CPU
		{FECC4DFE-2F51-424C-B8AC-931F24C240D5}.Release|Any CPU.ActiveCfg = Release|Any CPU
		{FECC4DFE-2F51-424C-B8AC-931F24C240D5}.Release|Any CPU.Build.0 = Release|Any CPU
		{FECC4DFE-2F51-424C-B8AC-931F24C240D5}.Release|x64.ActiveCfg = Release|Any CPU
		{FECC4DFE-2F51-424C-B8AC-931F24C240D5}.Release|x64.Build.0 = Release|Any CPU
		{FECC4DFE-2F51-424C-B8AC-931F24C240D5}.Release|x86.ActiveCfg = Release|Any CPU
		{FECC4DFE-2F51-424C-B8AC-931F24C240D5}.Release|x86.Build.0 = Release|Any CPU
		{51D560F4-385E-42C1-AF22-0FA12311C51D}.Debug|Any CPU.ActiveCfg = Debug|Any CPU
		{51D560F4-385E-42C1-AF22-0FA12311C51D}.Debug|Any CPU.Build.0 = Debug|Any CPU
		{51D560F4-385E-42C1-AF22-0FA12311C51D}.Debug|x64.ActiveCfg = Debug|Any CPU
		{51D560F4-385E-42C1-AF22-0FA12311C51D}.Debug|x64.Build.0 = Debug|Any CPU
		{51D560F4-385E-42C1-AF22-0FA12311C51D}.Debug|x86.ActiveCfg = Debug|Any CPU
		{51D560F4-385E-42C1-AF22-0FA12311C51D}.Debug|x86.Build.0 = Debug|Any CPU
		{51D560F4-385E-42C1-AF22-0FA12311C51D}.Release|Any CPU.ActiveCfg = Release|Any CPU
		{51D560F4-385E-42C1-AF22-0FA12311C51D}.Release|Any CPU.Build.0 = Release|Any CPU
		{51D560F4-385E-42C1-AF22-0FA12311C51D}.Release|x64.ActiveCfg = Release|Any CPU
		{51D560F4-385E-42C1-AF22-0FA12311C51D}.Release|x64.Build.0 = Release|Any CPU
		{51D560F4-385E-42C1-AF22-0FA12311C51D}.Release|x86.ActiveCfg = Release|Any CPU
		{51D560F4-385E-42C1-AF22-0FA12311C51D}.Release|x86.Build.0 = Release|Any CPU
		{AF92D52D-5577-48B6-B699-97277D35C958}.Debug|Any CPU.ActiveCfg = Debug|Any CPU
		{AF92D52D-5577-48B6-B699-97277D35C958}.Debug|Any CPU.Build.0 = Debug|Any CPU
		{AF92D52D-5577-48B6-B699-97277D35C958}.Debug|x64.ActiveCfg = Debug|Any CPU
		{AF92D52D-5577-48B6-B699-97277D35C958}.Debug|x64.Build.0 = Debug|Any CPU
		{AF92D52D-5577-48B6-B699-97277D35C958}.Debug|x86.ActiveCfg = Debug|Any CPU
		{AF92D52D-5577-48B6-B699-97277D35C958}.Debug|x86.Build.0 = Debug|Any CPU
		{AF92D52D-5577-48B6-B699-97277D35C958}.Release|Any CPU.ActiveCfg = Release|Any CPU
		{AF92D52D-5577-48B6-B699-97277D35C958}.Release|Any CPU.Build.0 = Release|Any CPU
		{AF92D52D-5577-48B6-B699-97277D35C958}.Release|x64.ActiveCfg = Release|Any CPU
		{AF92D52D-5577-48B6-B699-97277D35C958}.Release|x64.Build.0 = Release|Any CPU
		{AF92D52D-5577-48B6-B699-97277D35C958}.Release|x86.ActiveCfg = Release|Any CPU
		{AF92D52D-5577-48B6-B699-97277D35C958}.Release|x86.Build.0 = Release|Any CPU
		{E0F9120A-7794-428B-8969-0B6C134551A0}.Debug|Any CPU.ActiveCfg = Debug|Any CPU
		{E0F9120A-7794-428B-8969-0B6C134551A0}.Debug|Any CPU.Build.0 = Debug|Any CPU
		{E0F9120A-7794-428B-8969-0B6C134551A0}.Debug|x64.ActiveCfg = Debug|Any CPU
		{E0F9120A-7794-428B-8969-0B6C134551A0}.Debug|x64.Build.0 = Debug|Any CPU
		{E0F9120A-7794-428B-8969-0B6C134551A0}.Debug|x86.ActiveCfg = Debug|Any CPU
		{E0F9120A-7794-428B-8969-0B6C134551A0}.Debug|x86.Build.0 = Debug|Any CPU
		{E0F9120A-7794-428B-8969-0B6C134551A0}.Release|Any CPU.ActiveCfg = Release|Any CPU
		{E0F9120A-7794-428B-8969-0B6C134551A0}.Release|Any CPU.Build.0 = Release|Any CPU
		{E0F9120A-7794-428B-8969-0B6C134551A0}.Release|x64.ActiveCfg = Release|Any CPU
		{E0F9120A-7794-428B-8969-0B6C134551A0}.Release|x64.Build.0 = Release|Any CPU
		{E0F9120A-7794-428B-8969-0B6C134551A0}.Release|x86.ActiveCfg = Release|Any CPU
		{E0F9120A-7794-428B-8969-0B6C134551A0}.Release|x86.Build.0 = Release|Any CPU
	EndGlobalSection
	GlobalSection(SolutionProperties) = preSolution
		HideSolutionNode = FALSE
	EndGlobalSection
	GlobalSection(NestedProjects) = preSolution
		{B12A32EB-5FFB-4ED7-B2F9-383F0CEC39A0} = {827E0CD3-B72D-47B6-A68D-7590B98EB39B}
		{BE630A2B-4FE9-4F8B-8938-C18C0C03ADE9} = {0AB3BF05-4346-4AA6-1389-037BE0695223}
		{E454EA8B-D8B3-4E70-BEA0-67EBEA22B26C} = {827E0CD3-B72D-47B6-A68D-7590B98EB39B}
		{FECC4DFE-2F51-424C-B8AC-931F24C240D5} = {827E0CD3-B72D-47B6-A68D-7590B98EB39B}
		{51D560F4-385E-42C1-AF22-0FA12311C51D} = {827E0CD3-B72D-47B6-A68D-7590B98EB39B}
		{AF92D52D-5577-48B6-B699-97277D35C958} = {827E0CD3-B72D-47B6-A68D-7590B98EB39B}
		{E0F9120A-7794-428B-8969-0B6C134551A0} = {827E0CD3-B72D-47B6-A68D-7590B98EB39B}
	EndGlobalSection
EndGlobal
